<?xml version="1.0" encoding="utf-8"?>
<Project ToolsVersion="4.0" xmlns="http://schemas.microsoft.com/developer/msbuild/2003">
  <ItemGroup>
    <Filter Include="Source Files">
      <UniqueIdentifier>{4FC737F1-C7A5-4376-A066-2A32D752A2FF}</UniqueIdentifier>
      <Extensions>cpp;c;cc;cxx;def;odl;idl;hpj;bat;asm;asmx</Extensions>
    </Filter>
    <Filter Include="Header Files">
      <UniqueIdentifier>{93995380-89BD-4b04-88EB-625FBE52EBFB}</UniqueIdentifier>
      <Extensions>h;hh;hpp;hxx;hm;inl;inc;xsd</Extensions>
    </Filter>
    <Filter Include="Resource Files">
      <UniqueIdentifier>{67DA6AB6-F800-4c08-8B7A-83BB121AAD01}</UniqueIdentifier>
      <Extensions>rc;ico;cur;bmp;dlg;rc2;rct;bin;rgs;gif;jpg;jpeg;jpe;resx;tiff;tif;png;wav;mfcribbon-ms</Extensions>
    </Filter>
  </ItemGroup>
  <ItemGroup>
    <ClCompile Include="..\..\libxslt\libxslt\attributes.c">
      <Filter>Source Files</Filter>
    </ClCompile>
    <ClCompile Include="..\..\libxslt\libxslt\attrvt.c">
      <Filter>Source Files</Filter>
    </ClCompile>
    <ClCompile Include="..\..\libxslt\libxslt\documents.c">
      <Filter>Source Files</Filter>
    </ClCompile>
    <ClCompile Include="..\..\libxslt\libxslt\extensions.c">
      <Filter>Source Files</Filter>
    </ClCompile>
    <ClCompile Include="..\..\libxslt\libxslt\extra.c">
      <Filter>Source Files</Filter>
    </ClCompile>
    <ClCompile Include="..\..\libxslt\libxslt\functions.c">
      <Filter>Source Files</Filter>
    </ClCompile>
    <ClCompile Include="..\..\libxslt\libxslt\imports.c">
      <Filter>Source Files</Filter>
    </ClCompile>
    <ClCompile Include="..\..\libxslt\libxslt\keys.c">
      <Filter>Source Files</Filter>
    </ClCompile>
    <ClCompile Include="..\..\libxslt\libxslt\namespaces.c">
      <Filter>Source Files</Filter>
    </ClCompile>
    <ClCompile Include="..\..\libxslt\libxslt\numbers.c">
      <Filter>Source Files</Filter>
    </ClCompile>
    <ClCompile Include="..\..\libxslt\libxslt\pattern.c">
      <Filter>Source Files</Filter>
    </ClCompile>
    <ClCompile Include="..\..\libxslt\libxslt\preproc.c">
      <Filter>Source Files</Filter>
    </ClCompile>
    <ClCompile Include="..\..\libxslt\libxslt\security.c">
      <Filter>Source Files</Filter>
    </ClCompile>
    <ClCompile Include="..\..\libxslt\libxslt\templates.c">
      <Filter>Source Files</Filter>
    </ClCompile>
    <ClCompile Include="..\..\libxslt\libxslt\transform.c">
      <Filter>Source Files</Filter>
    </ClCompile>
    <ClCompile Include="..\..\libxslt\libxslt\variables.c">
      <Filter>Source Files</Filter>
    </ClCompile>
    <ClCompile Include="..\..\libxslt\libxslt\xslt.c">
      <Filter>Source Files</Filter>
    </ClCompile>
    <ClCompile Include="..\..\libxslt\libxslt\xsltutils.c">
      <Filter>Source Files</Filter>
    </ClCompile>
  </ItemGroup>
</Project>